
Microsoft Visual Studio Solution File, Format Version 12.00
Project("{FAE04EC0-301F-11D3-BF4B-00C04F79EFBC}") = "Kata1", "Kata1\Kata1.csproj", "{14948AF8-C4E1-448E-908D-AA0447F45778}"
EndProject
Project("{FAE04EC0-301F-11D3-BF4B-00C04F79EFBC}") = "MiniKata1", "MiniKata1\MiniKata1.csproj", "{AF44EF12-850D-4D30-A656-0C63BBAAD7F9}"
EndProject
Project("{FAE04EC0-301F-11D3-BF4B-00C04F79EFBC}") = "MiniKata2", "MiniKata2\MiniKata2.csproj", "{7B664964-73AA-41A0-B8D2-89975F1AB5B5}"
EndProject
Project("{FAE04EC0-301F-11D3-BF4B-00C04F79EFBC}") = "MiniKata3", "MiniKata3\MiniKata3.csproj", "{84C3E042-EF7B-4251-831A-E84B4A4EF591}"
EndProject
Project("{FAE04EC0-301F-11D3-BF4B-00C04F79EFBC}") = "Kata2", "Kata2\Kata2.csproj", "{509914A9-6744-4392-8268-CBE299DCBFE9}"
EndProject
Project("{FAE04EC0-301F-11D3-BF4B-00C04F79EFBC}") = "MiniKata4", "MiniKata4\MiniKata4.csproj", "{CC524813-B7B6-401B-84FC-1ED123C03EC2}"
EndProject
Project("{FAE04EC0-301F-11D3-BF4B-00C04F79EFBC}") = "Kata3", "Kata3\Kata3.csproj", "{70E87709-5CED-4BA2-B831-64CAD58AE463}"
EndProject
Project("{FAE04EC0-301F-11D3-BF4B-00C04F79EFBC}") = "Kata4", "Kata4\Kata4.csproj", "{4982C9E2-B791-4ECA-BFA3-C74E1C81356E}"
EndProject
Project("{FAE04EC0-301F-11D3-BF4B-00C04F79EFBC}") = "ExamKata", "ExamKata\ExamKata.csproj", "{EFEB1ECF-527A-49B8-8BC1-A630EDF1DD36}"
EndProject
Global
	GlobalSection(SolutionConfigurationPlatforms) = preSolution
		Debug|Any CPU = Debug|Any CPU
		Release|Any CPU = Release|Any CPU
	EndGlobalSection
	GlobalSection(ProjectConfigurationPlatforms) = postSolution
		{14948AF8-C4E1-448E-908D-AA0447F45778}.Debug|Any CPU.ActiveCfg = Debug|Any CPU
		{14948AF8-C4E1-448E-908D-AA0447F45778}.Debug|Any CPU.Build.0 = Debug|Any CPU
		{14948AF8-C4E1-448E-908D-AA0447F45778}.Release|Any CPU.ActiveCfg = Release|Any CPU
		{14948AF8-C4E1-448E-908D-AA0447F45778}.Release|Any CPU.Build.0 = Release|Any CPU
		{AF44EF12-850D-4D30-A656-0C63BBAAD7F9}.Debug|Any CPU.ActiveCfg = Debug|Any CPU
		{AF44EF12-850D-4D30-A656-0C63BBAAD7F9}.Debug|Any CPU.Build.0 = Debug|Any CPU
		{AF44EF12-850D-4D30-A656-0C63BBAAD7F9}.Release|Any CPU.ActiveCfg = Release|Any CPU
		{AF44EF12-850D-4D30-A656-0C63BBAAD7F9}.Release|Any CPU.Build.0 = Release|Any CPU
		{7B664964-73AA-41A0-B8D2-89975F1AB5B5}.Debug|Any CPU.ActiveCfg = Debug|Any CPU
		{7B664964-73AA-41A0-B8D2-89975F1AB5B5}.Debug|Any CPU.Build.0 = Debug|Any CPU
		{7B664964-73AA-41A0-B8D2-89975F1AB5B5}.Release|Any CPU.ActiveCfg = Release|Any CPU
		{7B664964-73AA-41A0-B8D2-89975F1AB5B5}.Release|Any CPU.Build.0 = Release|Any CPU
		{84C3E042-EF7B-4251-831A-E84B4A4EF591}.Debug|Any CPU.ActiveCfg = Debug|Any CPU
		{84C3E042-EF7B-4251-831A-E84B4A4EF591}.Debug|Any CPU.Build.0 = Debug|Any CPU
		{84C3E042-EF7B-4251-831A-E84B4A4EF591}.Release|Any CPU.ActiveCfg = Release|Any CPU
		{84C3E042-EF7B-4251-831A-E84B4A4EF591}.Release|Any CPU.Build.0 = Release|Any CPU
		{509914A9-6744-4392-8268-CBE299DCBFE9}.Debug|Any CPU.ActiveCfg = Debug|Any CPU
		{509914A9-6744-4392-8268-CBE299DCBFE9}.Debug|Any CPU.Build.0 = Debug|Any CPU
		{509914A9-6744-4392-8268-CBE299DCBFE9}.Release|Any CPU.ActiveCfg = Release|Any CPU
		{509914A9-6744-4392-8268-CBE299DCBFE9}.Release|Any CPU.Build.0 = Release|Any CPU
		{CC524813-B7B6-401B-84FC-1ED123C03EC2}.Debug|Any CPU.ActiveCfg = Debug|Any CPU
		{CC524813-B7B6-401B-84FC-1ED123C03EC2}.Debug|Any CPU.Build.0 = Debug|Any CPU
		{CC524813-B7B6-401B-84FC-1ED123C03EC2}.Release|Any CPU.ActiveCfg = Release|Any CPU
		{CC524813-B7B6-401B-84FC-1ED123C03EC2}.Release|Any CPU.Build.0 = Release|Any CPU
		{70E87709-5CED-4BA2-B831-64CAD58AE463}.Debug|Any CPU.ActiveCfg = Debug|Any CPU
		{70E87709-5CED-4BA2-B831-64CAD58AE463}.Debug|Any CPU.Build.0 = Debug|Any CPU
		{70E87709-5CED-4BA2-B831-64CAD58AE463}.Release|Any CPU.ActiveCfg = Release|Any CPU
		{70E87709-5CED-4BA2-B831-64CAD58AE463}.Release|Any CPU.Build.0 = Release|Any CPU
		{4982C9E2-B791-4ECA-BFA3-C74E1C81356E}.Debug|Any CPU.ActiveCfg = Debug|Any CPU
		{4982C9E2-B791-4ECA-BFA3-C74E1C81356E}.Debug|Any CPU.Build.0 = Debug|Any CPU
		{4982C9E2-B791-4ECA-BFA3-C74E1C81356E}.Release|Any CPU.ActiveCfg = Release|Any CPU
		{4982C9E2-B791-4ECA-BFA3-C74E1C81356E}.Release|Any CPU.Build.0 = Release|Any CPU
		{EFEB1ECF-527A-49B8-8BC1-A630EDF1DD36}.Debug|Any CPU.ActiveCfg = Debug|Any CPU
		{EFEB1ECF-527A-49B8-8BC1-A630EDF1DD36}.Debug|Any CPU.Build.0 = Debug|Any CPU
		{EFEB1ECF-527A-49B8-8BC1-A630EDF1DD36}.Release|Any CPU.ActiveCfg = Release|Any CPU
		{EFEB1ECF-527A-49B8-8BC1-A630EDF1DD36}.Release|Any CPU.Build.0 = Release|Any CPU
	EndGlobalSection
EndGlobal
